// !$*UTF8*$!
{
	archiveVersion = 1;
	classes = {
	};
	objectVersion = 55;
	objects = {

/* Begin PBXBuildFile section */
		B2831317292A0F77004A7EE6 /* AppDelegate.swift in Sources */ = {isa = PBXBuildFile; fileRef = B2831316292A0F77004A7EE6 /* AppDelegate.swift */; };
		B2831319292A0F77004A7EE6 /* SceneDelegate.swift in Sources */ = {isa = PBXBuildFile; fileRef = B2831318292A0F77004A7EE6 /* SceneDelegate.swift */; };
		B283131B292A0F77004A7EE6 /* ViewController.swift in Sources */ = {isa = PBXBuildFile; fileRef = B283131A292A0F77004A7EE6 /* ViewController.swift */; };
		B283131E292A0F77004A7EE6 /* Main.storyboard in Resources */ = {isa = PBXBuildFile; fileRef = B283131C292A0F77004A7EE6 /* Main.storyboard */; };
		B2831320292A0F7A004A7EE6 /* Assets.xcassets in Resources */ = {isa = PBXBuildFile; fileRef = B283131F292A0F7A004A7EE6 /* Assets.xcassets */; };
		B2831323292A0F7A004A7EE6 /* LaunchScreen.storyboard in Resources */ = {isa = PBXBuildFile; fileRef = B2831321292A0F7A004A7EE6 /* LaunchScreen.storyboard */; };
		B283132E292A0F7A004A7EE6 /* udderTests.swift in Sources */ = {isa = PBXBuildFile; fileRef = B283132D292A0F7A004A7EE6 /* udderTests.swift */; };
		B2831338292A0F7A004A7EE6 /* udderUITests.swift in Sources */ = {isa = PBXBuildFile; fileRef = B2831337292A0F7A004A7EE6 /* udderUITests.swift */; };
		B283133A292A0F7A004A7EE6 /* udderUITestsLaunchTests.swift in Sources */ = {isa = PBXBuildFile; fileRef = B2831339292A0F7A004A7EE6 /* udderUITestsLaunchTests.swift */; };
/* End PBXBuildFile section */

/* Begin PBXContainerItemProxy section */
		B283132A292A0F7A004A7EE6 /* PBXContainerItemProxy */ = {
			isa = PBXContainerItemProxy;
			containerPortal = B283130B292A0F77004A7EE6 /* Project object */;
			proxyType = 1;
			remoteGlobalIDString = B2831312292A0F77004A7EE6;
			remoteInfo = udder;
		};
		B2831334292A0F7A004A7EE6 /* PBXContainerItemProxy */ = {
			isa = PBXContainerItemProxy;
			containerPortal = B283130B292A0F77004A7EE6 /* Project object */;
			proxyType = 1;
			remoteGlobalIDString = B2831312292A0F77004A7EE6;
			remoteInfo = udder;
		};
/* End PBXContainerItemProxy section */

/* Begin PBXFileReference section */
		B2831313292A0F77004A7EE6 /* udder.app */ = {isa = PBXFileReference; explicitFileType = wrapper.application; includeInIndex = 0; path = udder.app; sourceTree = BUILT_PRODUCTS_DIR; };
		B2831316292A0F77004A7EE6 /* AppDelegate.swift */ = {isa = PBXFileReference; lastKnownFileType = sourcecode.swift; path = AppDelegate.swift; sourceTree = "<group>"; };
		B2831318292A0F77004A7EE6 /* SceneDelegate.swift */ = {isa = PBXFileReference; lastKnownFileType = sourcecode.swift; path = SceneDelegate.swift; sourceTree = "<group>"; };
		B283131A292A0F77004A7EE6 /* ViewController.swift */ = {isa = PBXFileReference; lastKnownFileType = sourcecode.swift; path = ViewController.swift; sourceTree = "<group>"; };
		B283131D292A0F77004A7EE6 /* Base */ = {isa = PBXFileReference; lastKnownFileType = file.storyboard; name = Base; path = Base.lproj/Main.storyboard; sourceTree = "<group>"; };
		B283131F292A0F7A004A7EE6 /* Assets.xcassets */ = {isa = PBXFileReference; lastKnownFileType = folder.assetcatalog; path = Assets.xcassets; sourceTree = "<group>"; };
		B2831322292A0F7A004A7EE6 /* Base */ = {isa = PBXFileReference; lastKnownFileType = file.storyboard; name = Base; path = Base.lproj/LaunchScreen.storyboard; sourceTree = "<group>"; };
		B2831324292A0F7A004A7EE6 /* Info.plist */ = {isa = PBXFileReference; lastKnownFileType = text.plist.xml; path = Info.plist; sourceTree = "<group>"; };
		B2831329292A0F7A004A7EE6 /* udderTests.xctest */ = {isa = PBXFileReference; explicitFileType = wrapper.cfbundle; includeInIndex = 0; path = udderTests.xctest; sourceTree = BUILT_PRODUCTS_DIR; };
		B283132D292A0F7A004A7EE6 /* udderTests.swift */ = {isa = PBXFileReference; lastKnownFileType = sourcecode.swift; path = udderTests.swift; sourceTree = "<group>"; };
		B2831333292A0F7A004A7EE6 /* udderUITests.xctest */ = {isa = PBXFileReference; explicitFileType = wrapper.cfbundle; includeInIndex = 0; path = udderUITests.xctest; sourceTree = BUILT_PRODUCTS_DIR; };
		B2831337292A0F7A004A7EE6 /* udderUITests.swift */ = {isa = PBXFileReference; lastKnownFileType = sourcecode.swift; path = udderUITests.swift; sourceTree = "<group>"; };
		B2831339292A0F7A004A7EE6 /* udderUITestsLaunchTests.swift */ = {isa = PBXFileReference; lastKnownFileType = sourcecode.swift; path = udderUITestsLaunchTests.swift; sourceTree = "<group>"; };
/* End PBXFileReference section */

/* Begin PBXFrameworksBuildPhase section */
		B2831310292A0F77004A7EE6 /* Frameworks */ = {
			isa = PBXFrameworksBuildPhase;
			buildActionMask = 2147483647;
			files = (
			);
			runOnlyForDeploymentPostprocessing = 0;
		};
		B2831326292A0F7A004A7EE6 /* Frameworks */ = {
			isa = PBXFrameworksBuildPhase;
			buildActionMask = 2147483647;
			files = (
			);
			runOnlyForDeploymentPostprocessing = 0;
		};
		B2831330292A0F7A004A7EE6 /* Frameworks */ = {
			isa = PBXFrameworksBuildPhase;
			buildActionMask = 2147483647;
			files = (
			);
			runOnlyForDeploymentPostprocessing = 0;
		};
/* End PBXFrameworksBuildPhase section */

/* Begin PBXGroup section */
		B283130A292A0F77004A7EE6 = {
			isa = PBXGroup;
			children = (
				B2831315292A0F77004A7EE6 /* udder */,
				B283132C292A0F7A004A7EE6 /* udderTests */,
				B2831336292A0F7A004A7EE6 /* udderUITests */,
				B2831314292A0F77004A7EE6 /* Products */,
			);
			sourceTree = "<group>";
		};
		B2831314292A0F77004A7EE6 /* Products */ = {
			isa = PBXGroup;
			children = (
				B2831313292A0F77004A7EE6 /* udder.app */,
				B2831329292A0F7A004A7EE6 /* udderTests.xctest */,
				B2831333292A0F7A004A7EE6 /* udderUITests.xctest */,
			);
			name = Products;
			sourceTree = "<group>";
		};
		B2831315292A0F77004A7EE6 /* udder */ = {
			isa = PBXGroup;
			children = (
				B2831316292A0F77004A7EE6 /* AppDelegate.swift */,
				B2831318292A0F77004A7EE6 /* SceneDelegate.swift */,
				B283131A292A0F77004A7EE6 /* ViewController.swift */,
				B283131C292A0F77004A7EE6 /* Main.storyboard */,
				B283131F292A0F7A004A7EE6 /* Assets.xcassets */,
				B2831321292A0F7A004A7EE6 /* LaunchScreen.storyboard */,
				B2831324292A0F7A004A7EE6 /* Info.plist */,
			);
			path = udder;
			sourceTree = "<group>";
		};
		B283132C292A0F7A004A7EE6 /* udderTests */ = {
			isa = PBXGroup;
			children = (
				B283132D292A0F7A004A7EE6 /* udderTests.swift */,
			);
			path = udderTests;
			sourceTree = "<group>";
		};
		B2831336292A0F7A004A7EE6 /* udderUITests */ = {
			isa = PBXGroup;
			children = (
				B2831337292A0F7A004A7EE6 /* udderUITests.swift */,
				B2831339292A0F7A004A7EE6 /* udderUITestsLaunchTests.swift */,
			);
			path = udderUITests;
			sourceTree = "<group>";
		};
/* End PBXGroup section */

/* Begin PBXNativeTarget section */
		B2831312292A0F77004A7EE6 /* udder */ = {
			isa = PBXNativeTarget;
			buildConfigurationList = B283133D292A0F7A004A7EE6 /* Build configuration list for PBXNativeTarget "udder" */;
			buildPhases = (
				B283130F292A0F77004A7EE6 /* Sources */,
				B2831310292A0F77004A7EE6 /* Frameworks */,
				B2831311292A0F77004A7EE6 /* Resources */,
			);
			buildRules = (
			);
			dependencies = (
			);
			name = udder;
			productName = udder;
			productReference = B2831313292A0F77004A7EE6 /* udder.app */;
			productType = "com.apple.product-type.application";
		};
		B2831328292A0F7A004A7EE6 /* udderTests */ = {
			isa = PBXNativeTarget;
			buildConfigurationList = B2831340292A0F7A004A7EE6 /* Build configuration list for PBXNativeTarget "udderTests" */;
			buildPhases = (
				B2831325292A0F7A004A7EE6 /* Sources */,
				B2831326292A0F7A004A7EE6 /* Frameworks */,
				B2831327292A0F7A004A7EE6 /* Resources */,
			);
			buildRules = (
			);
			dependencies = (
				B283132B292A0F7A004A7EE6 /* PBXTargetDependency */,
			);
			name = udderTests;
			productName = udderTests;
			productReference = B2831329292A0F7A004A7EE6 /* udderTests.xctest */;
			productType = "com.apple.product-type.bundle.unit-test";
		};
		B2831332292A0F7A004A7EE6 /* udderUITests */ = {
			isa = PBXNativeTarget;
			buildConfigurationList = B2831343292A0F7A004A7EE6 /* Build configuration list for PBXNativeTarget "udderUITests" */;
			buildPhases = (
				B283132F292A0F7A004A7EE6 /* Sources */,
				B2831330292A0F7A004A7EE6 /* Frameworks */,
				B2831331292A0F7A004A7EE6 /* Resources */,
			);
			buildRules = (
			);
			dependencies = (
				B2831335292A0F7A004A7EE6 /* PBXTargetDependency */,
			);
			name = udderUITests;
			productName = udderUITests;
			productReference = B2831333292A0F7A004A7EE6 /* udderUITests.xctest */;
			productType = "com.apple.product-type.bundle.ui-testing";
		};
/* End PBXNativeTarget section */

/* Begin PBXProject section */
		B283130B292A0F77004A7EE6 /* Project object */ = {
			isa = PBXProject;
			attributes = {
				BuildIndependentTargetsInParallel = 1;
				LastSwiftUpdateCheck = 1330;
				LastUpgradeCheck = 1330;
				TargetAttributes = {
					B2831312292A0F77004A7EE6 = {
						CreatedOnToolsVersion = 13.3;
					};
					B2831328292A0F7A004A7EE6 = {
						CreatedOnToolsVersion = 13.3;
						TestTargetID = B2831312292A0F77004A7EE6;
					};
					B2831332292A0F7A004A7EE6 = {
						CreatedOnToolsVersion = 13.3;
						TestTargetID = B2831312292A0F77004A7EE6;
					};
				};
			};
			buildConfigurationList = B283130E292A0F77004A7EE6 /* Build configuration list for PBXProject "udder" */;
			compatibilityVersion = "Xcode 13.0";
			developmentRegion = en;
			hasScannedForEncodings = 0;
			knownRegions = (
				en,
				Base,
			);
			mainGroup = B283130A292A0F77004A7EE6;
			productRefGroup = B2831314292A0F77004A7EE6 /* Products */;
			projectDirPath = "";
			projectRoot = "";
			targets = (
				B2831312292A0F77004A7EE6 /* udder */,
				B2831328292A0F7A004A7EE6 /* udderTests */,
				B2831332292A0F7A004A7EE6 /* udderUITests */,
			);
		};
/* End PBXProject section */

/* Begin PBXResourcesBuildPhase section */
		B2831311292A0F77004A7EE6 /* Resources */ = {
			isa = PBXResourcesBuildPhase;
			buildActionMask = 2147483647;
			files = (
				B2831323292A0F7A004A7EE6 /* LaunchScreen.storyboard in Resources */,
				B2831320292A0F7A004A7EE6 /* Assets.xcassets in Resources */,
				B283131E292A0F77004A7EE6 /* Main.storyboard in Resources */,
			);
			runOnlyForDeploymentPostprocessing = 0;
		};
		B2831327292A0F7A004A7EE6 /* Resources */ = {
			isa = PBXResourcesBuildPhase;
			buildActionMask = 2147483647;
			files = (
			);
			runOnlyForDeploymentPostprocessing = 0;
		};
		B2831331292A0F7A004A7EE6 /* Resources */ = {
			isa = PBXResourcesBuildPhase;
			buildActionMask = 2147483647;
			files = (
			);
			runOnlyForDeploymentPostprocessing = 0;
		};
/* End PBXResourcesBuildPhase section */

/* Begin PBXSourcesBuildPhase section */
		B283130F292A0F77004A7EE6 /* Sources */ = {
			isa = PBXSourcesBuildPhase;
			buildActionMask = 2147483647;
			files = (
				B283131B292A0F77004A7EE6 /* ViewController.swift in Sources */,
				B2831317292A0F77004A7EE6 /* AppDelegate.swift in Sources */,
				B2831319292A0F77004A7EE6 /* SceneDelegate.swift in Sources */,
			);
			runOnlyForDeploymentPostprocessing = 0;
		};
		B2831325292A0F7A004A7EE6 /* Sources */ = {
			isa = PBXSourcesBuildPhase;
			buildActionMask = 2147483647;
			files = (
				B283132E292A0F7A004A7EE6 /* udderTests.swift in Sources */,
			);
			runOnlyForDeploymentPostprocessing = 0;
		};
		B283132F292A0F7A004A7EE6 /* Sources */ = {
			isa = PBXSourcesBuildPhase;
			buildActionMask = 2147483647;
			files = (
				B2831338292A0F7A004A7EE6 /* udderUITests.swift in Sources */,
				B283133A292A0F7A004A7EE6 /* udderUITestsLaunchTests.swift in Sources */,
			);
			runOnlyForDeploymentPostprocessing = 0;
		};
/* End PBXSourcesBuildPhase section */

/* Begin PBXTargetDependency section */
		B283132B292A0F7A004A7EE6 /* PBXTargetDependency */ = {
			isa = PBXTargetDependency;
			target = B2831312292A0F77004A7EE6 /* udder */;
			targetProxy = B283132A292A0F7A004A7EE6 /* PBXContainerItemProxy */;
		};
		B2831335292A0F7A004A7EE6 /* PBXTargetDependency */ = {
			isa = PBXTargetDependency;
			target = B2831312292A0F77004A7EE6 /* udder */;
			targetProxy = B2831334292A0F7A004A7EE6 /* PBXContainerItemProxy */;
		};
/* End PBXTargetDependency section */

/* Begin PBXVariantGroup section */
		B283131C292A0F77004A7EE6 /* Main.storyboard */ = {
			isa = PBXVariantGroup;
			children = (
				B283131D292A0F77004A7EE6 /* Base */,
			);
			name = Main.storyboard;
			sourceTree = "<group>";
		};
		B2831321292A0F7A004A7EE6 /* LaunchScreen.storyboard */ = {
			isa = PBXVariantGroup;
			children = (
				B2831322292A0F7A004A7EE6 /* Base */,
			);
			name = LaunchScreen.storyboard;
			sourceTree = "<group>";
		};
/* End PBXVariantGroup section */

/* Begin XCBuildConfiguration section */
		B283133B292A0F7A004A7EE6 /* Debug */ = {
			isa = XCBuildConfiguration;
			buildSettings = {
				ALWAYS_SEARCH_USER_PATHS = NO;
				CLANG_ANALYZER_NONNULL = YES;
				CLANG_ANALYZER_NUMBER_OBJECT_CONVERSION = YES_AGGRESSIVE;
				CLANG_CXX_LANGUAGE_STANDARD = "gnu++17";
				CLANG_ENABLE_MODULES = YES;
				CLANG_ENABLE_OBJC_ARC = YES;
				CLANG_ENABLE_OBJC_WEAK = YES;
				CLANG_WARN_BLOCK_CAPTURE_AUTORELEASING = YES;
				CLANG_WARN_BOOL_CONVERSION = YES;
				CLANG_WARN_COMMA = YES;
				CLANG_WARN_CONSTANT_CONVERSION = YES;
				CLANG_WARN_DEPRECATED_OBJC_IMPLEMENTATIONS = YES;
				CLANG_WARN_DIRECT_OBJC_ISA_USAGE = YES_ERROR;
				CLANG_WARN_DOCUMENTATION_COMMENTS = YES;
				CLANG_WARN_EMPTY_BODY = YES;
				CLANG_WARN_ENUM_CONVERSION = YES;
				CLANG_WARN_INFINITE_RECURSION = YES;
				CLANG_WARN_INT_CONVERSION = YES;
				CLANG_WARN_NON_LITERAL_NULL_CONVERSION = YES;
				CLANG_WARN_OBJC_IMPLICIT_RETAIN_SELF = YES;
				CLANG_WARN_OBJC_LITERAL_CONVERSION = YES;
				CLANG_WARN_OBJC_ROOT_CLASS = YES_ERROR;
				CLANG_WARN_QUOTED_INCLUDE_IN_FRAMEWORK_HEADER = YES;
				CLANG_WARN_RANGE_LOOP_ANALYSIS = YES;
				CLANG_WARN_STRICT_PROTOTYPES = YES;
				CLANG_WARN_SUSPICIOUS_MOVE = YES;
				CLANG_WARN_UNGUARDED_AVAILABILITY = YES_AGGRESSIVE;
				CLANG_WARN_UNREACHABLE_CODE = YES;
				CLANG_WARN__DUPLICATE_METHOD_MATCH = YES;
				COPY_PHASE_STRIP = NO;
				DEBUG_INFORMATION_FORMAT = dwarf;
				ENABLE_STRICT_OBJC_MSGSEND = YES;
				ENABLE_TESTABILITY = YES;
				GCC_C_LANGUAGE_STANDARD = gnu11;
				GCC_DYNAMIC_NO_PIC = NO;
				GCC_NO_COMMON_BLOCKS = YES;
				GCC_OPTIMIZATION_LEVEL = 0;
				GCC_PREPROCESSOR_DEFINITIONS = (
					"DEBUG=1",
					"$(inherited)",
				);
				GCC_WARN_64_TO_32_BIT_CONVERSION = YES;
				GCC_WARN_ABOUT_RETURN_TYPE = YES_ERROR;
				GCC_WARN_UNDECLARED_SELECTOR = YES;
				GCC_WARN_UNINITIALIZED_AUTOS = YES_AGGRESSIVE;
				GCC_WARN_UNUSED_FUNCTION = YES;
				GCC_WARN_UNUSED_VARIABLE = YES;
				IPHONEOS_DEPLOYMENT_TARGET = 15.4;
				MTL_ENABLE_DEBUG_INFO = INCLUDE_SOURCE;
				MTL_FAST_MATH = YES;
				ONLY_ACTIVE_ARCH = YES;
				SDKROOT = iphoneos;
				SWIFT_ACTIVE_COMPILATION_CONDITIONS = DEBUG;
				SWIFT_OPTIMIZATION_LEVEL = "-Onone";
			};
			name = Debug;
		};
		B283133C292A0F7A004A7EE6 /* Release */ = {
			isa = XCBuildConfiguration;
			buildSettings = {
				ALWAYS_SEARCH_USER_PATHS = NO;
				CLANG_ANALYZER_NONNULL = YES;
				CLANG_ANALYZER_NUMBER_OBJECT_CONVERSION = YES_AGGRESSIVE;
				CLANG_CXX_LANGUAGE_STANDARD = "gnu++17";
				CLANG_ENABLE_MODULES = YES;
				CLANG_ENABLE_OBJC_ARC = YES;
				CLANG_ENABLE_OBJC_WEAK = YES;
				CLANG_WARN_BLOCK_CAPTURE_AUTORELEASING = YES;
				CLANG_WARN_BOOL_CONVERSION = YES;
				CLANG_WARN_COMMA = YES;
				CLANG_WARN_CONSTANT_CONVERSION = YES;
				CLANG_WARN_DEPRECATED_OBJC_IMPLEMENTATIONS = YES;
				CLANG_WARN_DIRECT_OBJC_ISA_USAGE = YES_ERROR;
				CLANG_WARN_DOCUMENTATION_COMMENTS = YES;
				CLANG_WARN_EMPTY_BODY = YES;
				CLANG_WARN_ENUM_CONVERSION = YES;
				CLANG_WARN_INFINITE_RECURSION = YES;
				CLANG_WARN_INT_CONVERSION = YES;
				CLANG_WARN_NON_LITERAL_NULL_CONVERSION = YES;
				CLANG_WARN_OBJC_IMPLICIT_RETAIN_SELF = YES;
				CLANG_WARN_OBJC_LITERAL_CONVERSION = YES;
				CLANG_WARN_OBJC_ROOT_CLASS = YES_ERROR;
				CLANG_WARN_QUOTED_INCLUDE_IN_FRAMEWORK_HEADER = YES;
				CLANG_WARN_RANGE_LOOP_ANALYSIS = YES;
				CLANG_WARN_STRICT_PROTOTYPES = YES;
				CLANG_WARN_SUSPICIOUS_MOVE = YES;
				CLANG_WARN_UNGUARDED_AVAILABILITY = YES_AGGRESSIVE;
				CLANG_WARN_UNREACHABLE_CODE = YES;
				CLANG_WARN__DUPLICATE_METHOD_MATCH = YES;
				COPY_PHASE_STRIP = NO;
				DEBUG_INFORMATION_FORMAT = "dwarf-with-dsym";
				ENABLE_NS_ASSERTIONS = NO;
				ENABLE_STRICT_OBJC_MSGSEND = YES;
				GCC_C_LANGUAGE_STANDARD = gnu11;
				GCC_NO_COMMON_BLOCKS = YES;
				GCC_WARN_64_TO_32_BIT_CONVERSION = YES;
				GCC_WARN_ABOUT_RETURN_TYPE = YES_ERROR;
				GCC_WARN_UNDECLARED_SELECTOR = YES;
				GCC_WARN_UNINITIALIZED_AUTOS = YES_AGGRESSIVE;
				GCC_WARN_UNUSED_FUNCTION = YES;
				GCC_WARN_UNUSED_VARIABLE = YES;
				IPHONEOS_DEPLOYMENT_TARGET = 15.4;
				MTL_ENABLE_DEBUG_INFO = NO;
				MTL_FAST_MATH = YES;
				SDKROOT = iphoneos;
				SWIFT_COMPILATION_MODE = wholemodule;
				SWIFT_OPTIMIZATION_LEVEL = "-O";
				VALIDATE_PRODUCT = YES;
			};
			name = Release;
		};
		B283133E292A0F7A004A7EE6 /* Debug */ = {
			isa = XCBuildConfiguration;
			buildSettings = {
				ASSETCATALOG_COMPILER_APPICON_NAME = AppIcon;
				ASSETCATALOG_COMPILER_GLOBAL_ACCENT_COLOR_NAME = AccentColor;
				CODE_SIGN_STYLE = Automatic;
				CURRENT_PROJECT_VERSION = 1;
				DEVELOPMENT_TEAM = GQ85995VF4;
				GENERATE_INFOPLIST_FILE = YES;
				INFOPLIST_FILE = udder/Info.plist;
				INFOPLIST_KEY_UIApplicationSupportsIndirectInputEvents = YES;
				INFOPLIST_KEY_UILaunchStoryboardName = LaunchScreen;
				INFOPLIST_KEY_UIMainStoryboardFile = Main;
				INFOPLIST_KEY_UISupportedInterfaceOrientations_iPad = "UIInterfaceOrientationPortrait UIInterfaceOrientationPortraitUpsideDown UIInterfaceOrientationLandscapeLeft UIInterfaceOrientationLandscapeRight";
				INFOPLIST_KEY_UISupportedInterfaceOrientations_iPhone = "UIInterfaceOrientationPortrait UIInterfaceOrientationLandscapeLeft UIInterfaceOrientationLandscapeRight";
				LD_RUNPATH_SEARCH_PATHS = (
					"$(inherited)",
					"@executable_path/Frameworks",
				);
				MARKETING_VERSION = 1.0;
				PRODUCT_BUNDLE_IDENTIFIER = gusiken.udder;
				PRODUCT_NAME = "$(TARGET_NAME)";
				SWIFT_EMIT_LOC_STRINGS = YES;
				SWIFT_VERSION = 5.0;
				TARGETED_DEVICE_FAMILY = "1,2";
			};
			name = Debug;
		};
		B283133F292A0F7A004A7EE6 /* Release */ = {
			isa = XCBuildConfiguration;
			buildSettings = {
				ASSETCATALOG_COMPILER_APPICON_NAME = AppIcon;
				ASSETCATALOG_COMPILER_GLOBAL_ACCENT_COLOR_NAME = AccentColor;
				CODE_SIGN_STYLE = Automatic;
				CURRENT_PROJECT_VERSION = 1;
				DEVELOPMENT_TEAM = GQ85995VF4;
				GENERATE_INFOPLIST_FILE = YES;
				INFOPLIST_FILE = udder/Info.plist;
				INFOPLIST_KEY_UIApplicationSupportsIndirectInputEvents = YES;
				INFOPLIST_KEY_UILaunchStoryboardName = LaunchScreen;
				INFOPLIST_KEY_UIMainStoryboardFile = Main;
				INFOPLIST_KEY_UISupportedInterfaceOrientations_iPad = "UIInterfaceOrientationPortrait UIInterfaceOrientationPortraitUpsideDown UIInterfaceOrientationLandscapeLeft UIInterfaceOrientationLandscapeRight";
				INFOPLIST_KEY_UISupportedInterfaceOrientations_iPhone = "UIInterfaceOrientationPortrait UIInterfaceOrientationLandscapeLeft UIInterfaceOrientationLandscapeRight";
				LD_RUNPATH_SEARCH_PATHS = (
					"$(inherited)",
					"@executable_path/Frameworks",
				);
				MARKETING_VERSION = 1.0;
				PRODUCT_BUNDLE_IDENTIFIER = gusiken.udder;
				PRODUCT_NAME = "$(TARGET_NAME)";
				SWIFT_EMIT_LOC_STRINGS = YES;
				SWIFT_VERSION = 5.0;
				TARGETED_DEVICE_FAMILY = "1,2";
			};
			name = Release;
		};
		B2831341292A0F7A004A7EE6 /* Debug */ = {
			isa = XCBuildConfiguration;
			buildSettings = {
				ALWAYS_EMBED_SWIFT_STANDARD_LIBRARIES = YES;
				BUNDLE_LOADER = "$(TEST_HOST)";
				CODE_SIGN_STYLE = Automatic;
				CURRENT_PROJECT_VERSION = 1;
				DEVELOPMENT_TEAM = GQ85995VF4;
				GENERATE_INFOPLIST_FILE = YES;
				IPHONEOS_DEPLOYMENT_TARGET = 15.4;
				MARKETING_VERSION = 1.0;
				PRODUCT_BUNDLE_IDENTIFIER = gusiken.udderTests;
				PRODUCT_NAME = "$(TARGET_NAME)";
				SWIFT_EMIT_LOC_STRINGS = NO;
				SWIFT_VERSION = 5.0;
				TARGETED_DEVICE_FAMILY = "1,2";
				TEST_HOST = "$(BUILT_PRODUCTS_DIR)/udder.app/udder";
			};
			name = Debug;
		};
		B2831342292A0F7A004A7EE6 /* Release */ = {
			isa = XCBuildConfiguration;
			buildSettings = {
				ALWAYS_EMBED_SWIFT_STANDARD_LIBRARIES = YES;
				BUNDLE_LOADER = "$(TEST_HOST)";
				CODE_SIGN_STYLE = Automatic;
				CURRENT_PROJECT_VERSION = 1;
				DEVELOPMENT_TEAM = GQ85995VF4;
				GENERATE_INFOPLIST_FILE = YES;
				IPHONEOS_DEPLOYMENT_TARGET = 15.4;
				MARKETING_VERSION = 1.0;
				PRODUCT_BUNDLE_IDENTIFIER = gusiken.udderTests;
				PRODUCT_NAME = "$(TARGET_NAME)";
				SWIFT_EMIT_LOC_STRINGS = NO;
				SWIFT_VERSION = 5.0;
				TARGETED_DEVICE_FAMILY = "1,2";
				TEST_HOST = "$(BUILT_PRODUCTS_DIR)/udder.app/udder";
			};
			name = Release;
		};
		B2831344292A0F7A004A7EE6 /* Debug */ = {
			isa = XCBuildConfiguration;
			buildSettings = {
				ALWAYS_EMBED_SWIFT_STANDARD_LIBRARIES = YES;
				CODE_SIGN_STYLE = Automatic;
				CURRENT_PROJECT_VERSION = 1;
				DEVELOPMENT_TEAM = GQ85995VF4;
				GENERATE_INFOPLIST_FILE = YES;
				MARKETING_VERSION = 1.0;
				PRODUCT_BUNDLE_IDENTIFIER = gusiken.udderUITests;
				PRODUCT_NAME = "$(TARGET_NAME)";
				SWIFT_EMIT_LOC_STRINGS = NO;
				SWIFT_VERSION = 5.0;
				TARGETED_DEVICE_FAMILY = "1,2";
				TEST_TARGET_NAME = udder;
			};
			name = Debug;
		};
		B2831345292A0F7A004A7EE6 /* Release */ = {
			isa = XCBuildConfiguration;
			buildSettings = {
				ALWAYS_EMBED_SWIFT_STANDARD_LIBRARIES = YES;
				CODE_SIGN_STYLE = Automatic;
				CURRENT_PROJECT_VERSION = 1;
				DEVELOPMENT_TEAM = GQ85995VF4;
				GENERATE_INFOPLIST_FILE = YES;
				MARKETING_VERSION = 1.0;
				PRODUCT_BUNDLE_IDENTIFIER = gusiken.udderUITests;
				PRODUCT_NAME = "$(TARGET_NAME)";
				SWIFT_EMIT_LOC_STRINGS = NO;
				SWIFT_VERSION = 5.0;
				TARGETED_DEVICE_FAMILY = "1,2";
				TEST_TARGET_NAME = udder;
			};
			name = Release;
		};
/* End XCBuildConfiguration section */

/* Begin XCConfigurationList section */
		B283130E292A0F77004A7EE6 /* Build configuration list for PBXProject "udder" */ = {
			isa = XCConfigurationList;
			buildConfigurations = (
				B283133B292A0F7A004A7EE6 /* Debug */,
				B283133C292A0F7A004A7EE6 /* Release */,
			);
			defaultConfigurationIsVisible = 0;
			defaultConfigurationName = Release;
		};
		B283133D292A0F7A004A7EE6 /* Build configuration list for PBXNativeTarget "udder" */ = {
			isa = XCConfigurationList;
			buildConfigurations = (
				B283133E292A0F7A004A7EE6 /* Debug */,
				B283133F292A0F7A004A7EE6 /* Release */,
			);
			defaultConfigurationIsVisible = 0;
			defaultConfigurationName = Release;
		};
		B2831340292A0F7A004A7EE6 /* Build configuration list for PBXNativeTarget "udderTests" */ = {
			isa = XCConfigurationList;
			buildConfigurations = (
				B2831341292A0F7A004A7EE6 /* Debug */,
				B2831342292A0F7A004A7EE6 /* Release */,
			);
			defaultConfigurationIsVisible = 0;
			defaultConfigurationName = Release;
		};
		B2831343292A0F7A004A7EE6 /* Build configuration list for PBXNativeTarget "udderUITests" */ = {
			isa = XCConfigurationList;
			buildConfigurations = (
				B2831344292A0F7A004A7EE6 /* Debug */,
				B2831345292A0F7A004A7EE6 /* Release */,
			);
			defaultConfigurationIsVisible = 0;
			defaultConfigurationName = Release;
		};
/* End XCConfigurationList section */
	};
	rootObject = B283130B292A0F77004A7EE6 /* Project object */;
}
